
Microsoft Visual Studio Solution File, Format Version 12.00
# Visual Studio Version 16
VisualStudioVersion = 16.0.29519.87
MinimumVisualStudioVersion = 10.0.40219.1
Project("{FAE04EC0-301F-11D3-BF4B-00C04F79EFBC}") = "Ranger.PasswordHash", "Ranger.PasswordHash\Ranger.PasswordHash.csproj", "{E5DDCA11-0F5C-4E18-AB46-D33F061D3DD5}"
EndProject
Project("{FAE04EC0-301F-11D3-BF4B-00C04F79EFBC}") = "Ranger.PasswordHash.Tests", "Ranger.PasswordHash.Tests\Ranger.PasswordHash.Tests.csproj", "{9DFBC392-CE69-4E77-A1AA-E3514AC960E0}"
EndProject
Global
	GlobalSection(SolutionConfigurationPlatforms) = preSolution
		Debug|Any CPU = Debug|Any CPU
		Release|Any CPU = Release|Any CPU
	EndGlobalSection
	GlobalSection(ProjectConfigurationPlatforms) = postSolution
		{E5DDCA11-0F5C-4E18-AB46-D33F061D3DD5}.Debug|Any CPU.ActiveCfg = Debug|Any CPU
		{E5DDCA11-0F5C-4E18-AB46-D33F061D3DD5}.Debug|Any CPU.Build.0 = Debug|Any CPU
		{E5DDCA11-0F5C-4E18-AB46-D33F061D3DD5}.Release|Any CPU.ActiveCfg = Release|Any CPU
		{E5DDCA11-0F5C-4E18-AB46-D33F061D3DD5}.Release|Any CPU.Build.0 = Release|Any CPU
		{9DFBC392-CE69-4E77-A1AA-E3514AC960E0}.Debug|Any CPU.ActiveCfg = Debug|Any CPU
		{9DFBC392-CE69-4E77-A1AA-E3514AC960E0}.Debug|Any CPU.Build.0 = Debug|Any CPU
		{9DFBC392-CE69-4E77-A1AA-E3514AC960E0}.Release|Any CPU.ActiveCfg = Release|Any CPU
		{9DFBC392-CE69-4E77-A1AA-E3514AC960E0}.Release|Any CPU.Build.0 = Release|Any CPU
	EndGlobalSection
	GlobalSection(SolutionProperties) = preSolution
		HideSolutionNode = FALSE
	EndGlobalSection
	GlobalSection(ExtensibilityGlobals) = postSolution
		SolutionGuid = {65D3CB20-D282-4F3C-AD93-07FB4D1922F6}
	EndGlobalSection
EndGlobal
